
Microsoft Visual Studio Solution File, Format Version 12.00
# Visual Studio Version 16
VisualStudioVersion = 16.0.29025.244
MinimumVisualStudioVersion = 10.0.40219.1
Project("{9A19103F-16F7-4668-BE54-9A1E7A4F7556}") = "WebApi", "WebApi\WebApi.csproj", "{D4ACF47F-2B1D-4439-B363-DB912C34A744}"
EndProject
Project("{9A19103F-16F7-4668-BE54-9A1E7A4F7556}") = "BLL", "BLL\BLL.csproj", "{6B3903AC-0426-4F3A-9770-03EA2F07A428}"
EndProject
Project("{9A19103F-16F7-4668-BE54-9A1E7A4F7556}") = "DAL", "DAL\DAL.csproj", "{08004D41-ECF0-4A6B-8271-33E615DEAE8C}"
EndProject
Project("{9A19103F-16F7-4668-BE54-9A1E7A4F7556}") = "Tests", "Tests\Tests.csproj", "{59F95144-2CED-4614-852F-948848D59B5F}"
EndProject
Project("{FAE04EC0-301F-11D3-BF4B-00C04F79EFBC}") = "Entities", "Entities\Entities.csproj", "{0A3C66C3-B716-4328-8E3D-592D1F9A89E5}"
EndProject
Global
	GlobalSection(SolutionConfigurationPlatforms) = preSolution
		Debug|Any CPU = Debug|Any CPU
		Release|Any CPU = Release|Any CPU
	EndGlobalSection
	GlobalSection(ProjectConfigurationPlatforms) = postSolution
		{D4ACF47F-2B1D-4439-B363-DB912C34A744}.Debug|Any CPU.ActiveCfg = Debug|Any CPU
		{D4ACF47F-2B1D-4439-B363-DB912C34A744}.Debug|Any CPU.Build.0 = Debug|Any CPU
		{D4ACF47F-2B1D-4439-B363-DB912C34A744}.Release|Any CPU.ActiveCfg = Release|Any CPU
		{D4ACF47F-2B1D-4439-B363-DB912C34A744}.Release|Any CPU.Build.0 = Release|Any CPU
		{6B3903AC-0426-4F3A-9770-03EA2F07A428}.Debug|Any CPU.ActiveCfg = Debug|Any CPU
		{6B3903AC-0426-4F3A-9770-03EA2F07A428}.Debug|Any CPU.Build.0 = Debug|Any CPU
		{6B3903AC-0426-4F3A-9770-03EA2F07A428}.Release|Any CPU.ActiveCfg = Release|Any CPU
		{6B3903AC-0426-4F3A-9770-03EA2F07A428}.Release|Any CPU.Build.0 = Release|Any CPU
		{08004D41-ECF0-4A6B-8271-33E615DEAE8C}.Debug|Any CPU.ActiveCfg = Debug|Any CPU
		{08004D41-ECF0-4A6B-8271-33E615DEAE8C}.Debug|Any CPU.Build.0 = Debug|Any CPU
		{08004D41-ECF0-4A6B-8271-33E615DEAE8C}.Release|Any CPU.ActiveCfg = Release|Any CPU
		{08004D41-ECF0-4A6B-8271-33E615DEAE8C}.Release|Any CPU.Build.0 = Release|Any CPU
		{59F95144-2CED-4614-852F-948848D59B5F}.Debug|Any CPU.ActiveCfg = Debug|Any CPU
		{59F95144-2CED-4614-852F-948848D59B5F}.Debug|Any CPU.Build.0 = Debug|Any CPU
		{59F95144-2CED-4614-852F-948848D59B5F}.Release|Any CPU.ActiveCfg = Release|Any CPU
		{59F95144-2CED-4614-852F-948848D59B5F}.Release|Any CPU.Build.0 = Release|Any CPU
		{0A3C66C3-B716-4328-8E3D-592D1F9A89E5}.Debug|Any CPU.ActiveCfg = Debug|Any CPU
		{0A3C66C3-B716-4328-8E3D-592D1F9A89E5}.Debug|Any CPU.Build.0 = Debug|Any CPU
		{0A3C66C3-B716-4328-8E3D-592D1F9A89E5}.Release|Any CPU.ActiveCfg = Release|Any CPU
		{0A3C66C3-B716-4328-8E3D-592D1F9A89E5}.Release|Any CPU.Build.0 = Release|Any CPU
	EndGlobalSection
	GlobalSection(SolutionProperties) = preSolution
		HideSolutionNode = FALSE
	EndGlobalSection
	GlobalSection(ExtensibilityGlobals) = postSolution
		SolutionGuid = {64414950-BC20-44DA-9828-95C503154A0F}
	EndGlobalSection
EndGlobal
